
Microsoft Visual Studio Solution File, Format Version 12.00
# Visual Studio 2012
Project("{FAE04EC0-301F-11D3-BF4B-00C04F79EFBC}") = "EmbeddedFx", "..\src\EmbeddedFx\EmbeddedFx.csproj", "{A4EC885A-267D-4F52-BFFA-1C2C75DE7792}"
EndProject
Project("{FAE04EC0-301F-11D3-BF4B-00C04F79EFBC}") = "EmbeddedFx.Facts", "..\src\EmbeddedFx.Facts\EmbeddedFx.Facts.csproj", "{5957A810-10E6-4BDD-B451-A04F4CEA0686}"
EndProject
Project("{2150E333-8FDC-42A3-9474-1A3956D46DE8}") = "Samples", "Samples", "{AD75A6C8-113B-43C3-961B-000EE248E0CE}"
EndProject
Project("{FAE04EC0-301F-11D3-BF4B-00C04F79EFBC}") = "Program.WithEmbeddedSimpleLib", "..\src\Program.WithEmbeddedSimpleLib\Program.WithEmbeddedSimpleLib.csproj", "{CE7A9962-2422-4F0A-A9CF-3437D52CC75A}"
EndProject
Project("{FAE04EC0-301F-11D3-BF4B-00C04F79EFBC}") = "SimpleLib", "..\src\SimpleLib\SimpleLib.csproj", "{D9B9C6CA-F0FA-44E9-8CED-27CFABA30148}"
EndProject
Global
	GlobalSection(SolutionConfigurationPlatforms) = preSolution
		Debug|Any CPU = Debug|Any CPU
		Release|Any CPU = Release|Any CPU
	EndGlobalSection
	GlobalSection(ProjectConfigurationPlatforms) = postSolution
		{A4EC885A-267D-4F52-BFFA-1C2C75DE7792}.Debug|Any CPU.ActiveCfg = Debug|Any CPU
		{A4EC885A-267D-4F52-BFFA-1C2C75DE7792}.Debug|Any CPU.Build.0 = Debug|Any CPU
		{A4EC885A-267D-4F52-BFFA-1C2C75DE7792}.Release|Any CPU.ActiveCfg = Release|Any CPU
		{A4EC885A-267D-4F52-BFFA-1C2C75DE7792}.Release|Any CPU.Build.0 = Release|Any CPU
		{5957A810-10E6-4BDD-B451-A04F4CEA0686}.Debug|Any CPU.ActiveCfg = Debug|Any CPU
		{5957A810-10E6-4BDD-B451-A04F4CEA0686}.Debug|Any CPU.Build.0 = Debug|Any CPU
		{5957A810-10E6-4BDD-B451-A04F4CEA0686}.Release|Any CPU.ActiveCfg = Release|Any CPU
		{5957A810-10E6-4BDD-B451-A04F4CEA0686}.Release|Any CPU.Build.0 = Release|Any CPU
		{CE7A9962-2422-4F0A-A9CF-3437D52CC75A}.Debug|Any CPU.ActiveCfg = Debug|Any CPU
		{CE7A9962-2422-4F0A-A9CF-3437D52CC75A}.Debug|Any CPU.Build.0 = Debug|Any CPU
		{CE7A9962-2422-4F0A-A9CF-3437D52CC75A}.Release|Any CPU.ActiveCfg = Release|Any CPU
		{CE7A9962-2422-4F0A-A9CF-3437D52CC75A}.Release|Any CPU.Build.0 = Release|Any CPU
		{D9B9C6CA-F0FA-44E9-8CED-27CFABA30148}.Debug|Any CPU.ActiveCfg = Debug|Any CPU
		{D9B9C6CA-F0FA-44E9-8CED-27CFABA30148}.Debug|Any CPU.Build.0 = Debug|Any CPU
		{D9B9C6CA-F0FA-44E9-8CED-27CFABA30148}.Release|Any CPU.ActiveCfg = Release|Any CPU
		{D9B9C6CA-F0FA-44E9-8CED-27CFABA30148}.Release|Any CPU.Build.0 = Release|Any CPU
	EndGlobalSection
	GlobalSection(SolutionProperties) = preSolution
		HideSolutionNode = FALSE
	EndGlobalSection
	GlobalSection(NestedProjects) = preSolution
		{CE7A9962-2422-4F0A-A9CF-3437D52CC75A} = {AD75A6C8-113B-43C3-961B-000EE248E0CE}
		{D9B9C6CA-F0FA-44E9-8CED-27CFABA30148} = {AD75A6C8-113B-43C3-961B-000EE248E0CE}
	EndGlobalSection
EndGlobal
